{
  "version": 4,
  "terraform_version": "1.1.7",
  "serial": 7,
  "lineage": "40614cbd-91de-8433-2cc0-d5f0567dcbad",
  "outputs": {},
  "resources": [
    {
      "mode": "managed",
      "type": "github_repository",
      "name": "generated-repo",
      "provider": "provider[\"registry.terraform.io/integrations/github\"]",
      "instances": [
        {
          "schema_version": 0,
          "attributes": {
            "allow_auto_merge": false,
            "allow_merge_commit": true,
            "allow_rebase_merge": true,
            "allow_squash_merge": true,
            "archive_on_destroy": null,
            "archived": false,
            "auto_init": null,
            "branches": [],
            "default_branch": "main",
            "delete_branch_on_merge": false,
            "description": "My generated repository maintained by Terraform",
            "etag": "W/\"c8417083ceb8eca3a45ede457177cfbe61816782346450102a6546fc8b7c6c2d\"",
            "full_name": "nikwotton/generated-repo",
            "git_clone_url": "git://github.com/nikwotton/generated-repo.git",
            "gitignore_template": null,
            "has_downloads": false,
            "has_issues": false,
            "has_projects": false,
            "has_wiki": false,
            "homepage_url": "",
            "html_url": "https://github.com/nikwotton/generated-repo",
            "http_clone_url": "https://github.com/nikwotton/generated-repo.git",
            "id": "generated-repo",
            "is_template": false,
            "license_template": null,
            "name": "generated-repo",
            "node_id": "R_kgDOG-giAA",
            "pages": [],
            "private": false,
            "repo_id": 468197888,
            "ssh_clone_url": "git@github.com:nikwotton/generated-repo.git",
            "svn_url": "https://github.com/nikwotton/generated-repo",
            "template": [],
            "topics": [],
            "visibility": "public",
            "vulnerability_alerts": false
          },
          "sensitive_attributes": [],
          "private": "bnVsbA=="
        }
      ]
    }
  ]
}
